
Microsoft Visual Studio Solution File, Format Version 12.00
# Visual Studio Version 16
VisualStudioVersion = 16.0.32106.194
MinimumVisualStudioVersion = 10.0.40219.1
Project("{9A19103F-16F7-4668-BE54-9A1E7A4F7556}") = "PredictiveMaintenance", "PredictiveMaintenance.csproj", "{B0C024AC-3115-4418-B66C-51F2FF74C7D2}"
EndProject
Project("{9A19103F-16F7-4668-BE54-9A1E7A4F7556}") = "PredictiveMaintenanceML.Model", "..\PredictiveMaintenanceML.Model\PredictiveMaintenanceML.Model.csproj", "{8E8A8D2C-2E7A-49AC-818F-C940C9FC310F}"
EndProject
Project("{9A19103F-16F7-4668-BE54-9A1E7A4F7556}") = "PredictiveMaintenanceML.ConsoleApp", "..\PredictiveMaintenanceML.ConsoleApp\PredictiveMaintenanceML.ConsoleApp.csproj", "{476EDD71-4558-468E-BD84-9719937043D9}"
EndProject
Global
	GlobalSection(SolutionConfigurationPlatforms) = preSolution
		Debug|Any CPU = Debug|Any CPU
		Release|Any CPU = Release|Any CPU
	EndGlobalSection
	GlobalSection(ProjectConfigurationPlatforms) = postSolution
		{B0C024AC-3115-4418-B66C-51F2FF74C7D2}.Debug|Any CPU.ActiveCfg = Debug|Any CPU
		{B0C024AC-3115-4418-B66C-51F2FF74C7D2}.Debug|Any CPU.Build.0 = Debug|Any CPU
		{B0C024AC-3115-4418-B66C-51F2FF74C7D2}.Release|Any CPU.ActiveCfg = Release|Any CPU
		{B0C024AC-3115-4418-B66C-51F2FF74C7D2}.Release|Any CPU.Build.0 = Release|Any CPU
		{8E8A8D2C-2E7A-49AC-818F-C940C9FC310F}.Debug|Any CPU.ActiveCfg = Debug|Any CPU
		{8E8A8D2C-2E7A-49AC-818F-C940C9FC310F}.Debug|Any CPU.Build.0 = Debug|Any CPU
		{8E8A8D2C-2E7A-49AC-818F-C940C9FC310F}.Release|Any CPU.ActiveCfg = Release|Any CPU
		{8E8A8D2C-2E7A-49AC-818F-C940C9FC310F}.Release|Any CPU.Build.0 = Release|Any CPU
		{476EDD71-4558-468E-BD84-9719937043D9}.Debug|Any CPU.ActiveCfg = Debug|Any CPU
		{476EDD71-4558-468E-BD84-9719937043D9}.Debug|Any CPU.Build.0 = Debug|Any CPU
		{476EDD71-4558-468E-BD84-9719937043D9}.Release|Any CPU.ActiveCfg = Release|Any CPU
		{476EDD71-4558-468E-BD84-9719937043D9}.Release|Any CPU.Build.0 = Release|Any CPU
	EndGlobalSection
	GlobalSection(SolutionProperties) = preSolution
		HideSolutionNode = FALSE
	EndGlobalSection
	GlobalSection(ExtensibilityGlobals) = postSolution
		SolutionGuid = {F25BE1A0-2387-4836-BC7F-DB083CDFFE8F}
	EndGlobalSection
EndGlobal
